
Microsoft Visual Studio Solution File, Format Version 11.00
# Visual Studio 2010
Project("{FAE04EC0-301F-11D3-BF4B-00C04F79EFBC}") = "ResourcesExample", "ResourcesExample\ResourcesExample.csproj", "{C56836A5-EB84-4DEA-B4C1-84AC64BCF9F8}"
EndProject
Project("{FAE04EC0-301F-11D3-BF4B-00C04F79EFBC}") = "SomeResources", "SomeResources\SomeResources.csproj", "{524C9372-5D10-46C6-BCA7-8EA45B2E7C1B}"
EndProject
Global
	GlobalSection(SolutionConfigurationPlatforms) = preSolution
		Debug|Any CPU = Debug|Any CPU
		Debug|Mixed Platforms = Debug|Mixed Platforms
		Debug|x86 = Debug|x86
		Release|Any CPU = Release|Any CPU
		Release|Mixed Platforms = Release|Mixed Platforms
		Release|x86 = Release|x86
	EndGlobalSection
	GlobalSection(ProjectConfigurationPlatforms) = postSolution
		{C56836A5-EB84-4DEA-B4C1-84AC64BCF9F8}.Debug|Any CPU.ActiveCfg = Debug|x86
		{C56836A5-EB84-4DEA-B4C1-84AC64BCF9F8}.Debug|Mixed Platforms.ActiveCfg = Debug|x86
		{C56836A5-EB84-4DEA-B4C1-84AC64BCF9F8}.Debug|Mixed Platforms.Build.0 = Debug|x86
		{C56836A5-EB84-4DEA-B4C1-84AC64BCF9F8}.Debug|x86.ActiveCfg = Debug|x86
		{C56836A5-EB84-4DEA-B4C1-84AC64BCF9F8}.Debug|x86.Build.0 = Debug|x86
		{C56836A5-EB84-4DEA-B4C1-84AC64BCF9F8}.Release|Any CPU.ActiveCfg = Release|x86
		{C56836A5-EB84-4DEA-B4C1-84AC64BCF9F8}.Release|Mixed Platforms.ActiveCfg = Release|x86
		{C56836A5-EB84-4DEA-B4C1-84AC64BCF9F8}.Release|Mixed Platforms.Build.0 = Release|x86
		{C56836A5-EB84-4DEA-B4C1-84AC64BCF9F8}.Release|x86.ActiveCfg = Release|x86
		{C56836A5-EB84-4DEA-B4C1-84AC64BCF9F8}.Release|x86.Build.0 = Release|x86
		{524C9372-5D10-46C6-BCA7-8EA45B2E7C1B}.Debug|Any CPU.ActiveCfg = Debug|Any CPU
		{524C9372-5D10-46C6-BCA7-8EA45B2E7C1B}.Debug|Any CPU.Build.0 = Debug|Any CPU
		{524C9372-5D10-46C6-BCA7-8EA45B2E7C1B}.Debug|Mixed Platforms.ActiveCfg = Debug|Any CPU
		{524C9372-5D10-46C6-BCA7-8EA45B2E7C1B}.Debug|Mixed Platforms.Build.0 = Debug|Any CPU
		{524C9372-5D10-46C6-BCA7-8EA45B2E7C1B}.Debug|x86.ActiveCfg = Debug|Any CPU
		{524C9372-5D10-46C6-BCA7-8EA45B2E7C1B}.Release|Any CPU.ActiveCfg = Release|Any CPU
		{524C9372-5D10-46C6-BCA7-8EA45B2E7C1B}.Release|Any CPU.Build.0 = Release|Any CPU
		{524C9372-5D10-46C6-BCA7-8EA45B2E7C1B}.Release|Mixed Platforms.ActiveCfg = Release|Any CPU
		{524C9372-5D10-46C6-BCA7-8EA45B2E7C1B}.Release|Mixed Platforms.Build.0 = Release|Any CPU
		{524C9372-5D10-46C6-BCA7-8EA45B2E7C1B}.Release|x86.ActiveCfg = Release|Any CPU
	EndGlobalSection
	GlobalSection(SolutionProperties) = preSolution
		HideSolutionNode = FALSE
	EndGlobalSection
EndGlobal
