
Microsoft Visual Studio Solution File, Format Version 11.00
# Visual Studio 2010
Project("{FAE04EC0-301F-11D3-BF4B-00C04F79EFBC}") = "ControlsTest", "ControlsTest\ControlsTest.csproj", "{D2DD8D37-E646-4248-A5F5-83B044625278}"
EndProject
Project("{FAE04EC0-301F-11D3-BF4B-00C04F79EFBC}") = "ControlsCollection", "ControlsCollection\ControlsCollection.csproj", "{4FC8970F-1C2D-405C-B8AE-CA162579DABE}"
EndProject
Global
	GlobalSection(SolutionConfigurationPlatforms) = preSolution
		Debug|Any CPU = Debug|Any CPU
		Debug|Mixed Platforms = Debug|Mixed Platforms
		Debug|x86 = Debug|x86
		Release|Any CPU = Release|Any CPU
		Release|Mixed Platforms = Release|Mixed Platforms
		Release|x86 = Release|x86
	EndGlobalSection
	GlobalSection(ProjectConfigurationPlatforms) = postSolution
		{D2DD8D37-E646-4248-A5F5-83B044625278}.Debug|Any CPU.ActiveCfg = Debug|x86
		{D2DD8D37-E646-4248-A5F5-83B044625278}.Debug|Mixed Platforms.ActiveCfg = Debug|x86
		{D2DD8D37-E646-4248-A5F5-83B044625278}.Debug|Mixed Platforms.Build.0 = Debug|x86
		{D2DD8D37-E646-4248-A5F5-83B044625278}.Debug|x86.ActiveCfg = Debug|x86
		{D2DD8D37-E646-4248-A5F5-83B044625278}.Debug|x86.Build.0 = Debug|x86
		{D2DD8D37-E646-4248-A5F5-83B044625278}.Release|Any CPU.ActiveCfg = Release|x86
		{D2DD8D37-E646-4248-A5F5-83B044625278}.Release|Mixed Platforms.ActiveCfg = Release|x86
		{D2DD8D37-E646-4248-A5F5-83B044625278}.Release|Mixed Platforms.Build.0 = Release|x86
		{D2DD8D37-E646-4248-A5F5-83B044625278}.Release|x86.ActiveCfg = Release|x86
		{D2DD8D37-E646-4248-A5F5-83B044625278}.Release|x86.Build.0 = Release|x86
		{4FC8970F-1C2D-405C-B8AE-CA162579DABE}.Debug|Any CPU.ActiveCfg = Debug|x86
		{4FC8970F-1C2D-405C-B8AE-CA162579DABE}.Debug|Mixed Platforms.ActiveCfg = Debug|x86
		{4FC8970F-1C2D-405C-B8AE-CA162579DABE}.Debug|Mixed Platforms.Build.0 = Debug|x86
		{4FC8970F-1C2D-405C-B8AE-CA162579DABE}.Debug|x86.ActiveCfg = Debug|x86
		{4FC8970F-1C2D-405C-B8AE-CA162579DABE}.Debug|x86.Build.0 = Debug|x86
		{4FC8970F-1C2D-405C-B8AE-CA162579DABE}.Release|Any CPU.ActiveCfg = Release|x86
		{4FC8970F-1C2D-405C-B8AE-CA162579DABE}.Release|Mixed Platforms.ActiveCfg = Release|x86
		{4FC8970F-1C2D-405C-B8AE-CA162579DABE}.Release|Mixed Platforms.Build.0 = Release|x86
		{4FC8970F-1C2D-405C-B8AE-CA162579DABE}.Release|x86.ActiveCfg = Release|x86
		{4FC8970F-1C2D-405C-B8AE-CA162579DABE}.Release|x86.Build.0 = Release|x86
	EndGlobalSection
	GlobalSection(SolutionProperties) = preSolution
		HideSolutionNode = FALSE
	EndGlobalSection
EndGlobal
