
Microsoft Visual Studio Solution File, Format Version 12.00
# Visual Studio 14
VisualStudioVersion = 14.0.25123.0
MinimumVisualStudioVersion = 10.0.40219.1
Project("{FAE04EC0-301F-11D3-BF4B-00C04F79EFBC}") = "AnignoraIO", "..\Anignora Library 2013\AnignoraIO\AnignoraIO.csproj", "{146F3906-9908-4F11-9836-2A26584BB247}"
EndProject
Project("{FAE04EC0-301F-11D3-BF4B-00C04F79EFBC}") = "AnignoraCommonAndHelpers", "..\Anignora Library 2013\AnignoraCommonAndHelpers\AnignoraCommonAndHelpers.csproj", "{E5D8C6FC-B5A6-48D8-849D-86E2F8AA6527}"
EndProject
Project("{2150E333-8FDC-42A3-9474-1A3956D46DE8}") = "AnignoraLibrary", "AnignoraLibrary", "{539746A5-ABCA-4C72-8815-6A64DC8A7E91}"
EndProject
Project("{FAE04EC0-301F-11D3-BF4B-00C04F79EFBC}") = "AnignoraDataTypes", "..\Anignora Library 2013\AnignoraDataTypes\AnignoraDataTypes.csproj", "{7B082431-65FB-4A04-9F43-051523D24DD6}"
EndProject
Project("{FAE04EC0-301F-11D3-BF4B-00C04F79EFBC}") = "TalentCalc", "TalentCalc\TalentCalc.csproj", "{CD7A9137-2C8E-4717-91D2-BC8197C970E7}"
EndProject
Project("{FAE04EC0-301F-11D3-BF4B-00C04F79EFBC}") = "Tests", "Tests\Tests.csproj", "{21991BBC-845E-4E42-B82A-563000EF6FB3}"
EndProject
Project("{FAE04EC0-301F-11D3-BF4B-00C04F79EFBC}") = "AnignoraUI", "..\Anignora Library 2013\AnignoraUI\AnignoraUI.csproj", "{028AE9FE-91DE-4FFB-8DDD-030950DA80B9}"
EndProject
Global
	GlobalSection(SolutionConfigurationPlatforms) = preSolution
		Debug|Any CPU = Debug|Any CPU
		Release|Any CPU = Release|Any CPU
	EndGlobalSection
	GlobalSection(ProjectConfigurationPlatforms) = postSolution
		{146F3906-9908-4F11-9836-2A26584BB247}.Debug|Any CPU.ActiveCfg = Debug|Any CPU
		{146F3906-9908-4F11-9836-2A26584BB247}.Debug|Any CPU.Build.0 = Debug|Any CPU
		{146F3906-9908-4F11-9836-2A26584BB247}.Debug|Any CPU.Deploy.0 = Debug|Any CPU
		{146F3906-9908-4F11-9836-2A26584BB247}.Release|Any CPU.ActiveCfg = Release|Any CPU
		{146F3906-9908-4F11-9836-2A26584BB247}.Release|Any CPU.Build.0 = Release|Any CPU
		{E5D8C6FC-B5A6-48D8-849D-86E2F8AA6527}.Debug|Any CPU.ActiveCfg = Debug|Any CPU
		{E5D8C6FC-B5A6-48D8-849D-86E2F8AA6527}.Debug|Any CPU.Build.0 = Debug|Any CPU
		{E5D8C6FC-B5A6-48D8-849D-86E2F8AA6527}.Release|Any CPU.ActiveCfg = Release|Any CPU
		{E5D8C6FC-B5A6-48D8-849D-86E2F8AA6527}.Release|Any CPU.Build.0 = Release|Any CPU
		{7B082431-65FB-4A04-9F43-051523D24DD6}.Debug|Any CPU.ActiveCfg = Debug|Any CPU
		{7B082431-65FB-4A04-9F43-051523D24DD6}.Debug|Any CPU.Build.0 = Debug|Any CPU
		{7B082431-65FB-4A04-9F43-051523D24DD6}.Release|Any CPU.ActiveCfg = Release|Any CPU
		{7B082431-65FB-4A04-9F43-051523D24DD6}.Release|Any CPU.Build.0 = Release|Any CPU
		{CD7A9137-2C8E-4717-91D2-BC8197C970E7}.Debug|Any CPU.ActiveCfg = Debug|Any CPU
		{CD7A9137-2C8E-4717-91D2-BC8197C970E7}.Debug|Any CPU.Build.0 = Debug|Any CPU
		{CD7A9137-2C8E-4717-91D2-BC8197C970E7}.Release|Any CPU.ActiveCfg = Release|Any CPU
		{CD7A9137-2C8E-4717-91D2-BC8197C970E7}.Release|Any CPU.Build.0 = Release|Any CPU
		{21991BBC-845E-4E42-B82A-563000EF6FB3}.Debug|Any CPU.ActiveCfg = Debug|Any CPU
		{21991BBC-845E-4E42-B82A-563000EF6FB3}.Debug|Any CPU.Build.0 = Debug|Any CPU
		{21991BBC-845E-4E42-B82A-563000EF6FB3}.Release|Any CPU.ActiveCfg = Release|Any CPU
		{21991BBC-845E-4E42-B82A-563000EF6FB3}.Release|Any CPU.Build.0 = Release|Any CPU
		{028AE9FE-91DE-4FFB-8DDD-030950DA80B9}.Debug|Any CPU.ActiveCfg = Debug|Any CPU
		{028AE9FE-91DE-4FFB-8DDD-030950DA80B9}.Debug|Any CPU.Build.0 = Debug|Any CPU
		{028AE9FE-91DE-4FFB-8DDD-030950DA80B9}.Release|Any CPU.ActiveCfg = Release|Any CPU
		{028AE9FE-91DE-4FFB-8DDD-030950DA80B9}.Release|Any CPU.Build.0 = Release|Any CPU
	EndGlobalSection
	GlobalSection(SolutionProperties) = preSolution
		HideSolutionNode = FALSE
	EndGlobalSection
	GlobalSection(NestedProjects) = preSolution
		{146F3906-9908-4F11-9836-2A26584BB247} = {539746A5-ABCA-4C72-8815-6A64DC8A7E91}
		{E5D8C6FC-B5A6-48D8-849D-86E2F8AA6527} = {539746A5-ABCA-4C72-8815-6A64DC8A7E91}
		{7B082431-65FB-4A04-9F43-051523D24DD6} = {539746A5-ABCA-4C72-8815-6A64DC8A7E91}
		{028AE9FE-91DE-4FFB-8DDD-030950DA80B9} = {539746A5-ABCA-4C72-8815-6A64DC8A7E91}
	EndGlobalSection
EndGlobal
