
Microsoft Visual Studio Solution File, Format Version 10.00
# Visual Studio 2008
Project("{FAE04EC0-301F-11D3-BF4B-00C04F79EFBC}") = "AnignoBatteryMonitor", "AnignoBatteryMonitor\AnignoBatteryMonitor.csproj", "{F020ED4C-BC89-4E24-9F67-B867602A7B18}"
EndProject
Project("{FAE04EC0-301F-11D3-BF4B-00C04F79EFBC}") = "AnignoBatteryMonitor2", "AnignoBatteryMonitor2\AnignoBatteryMonitor2.csproj", "{E3EC1B18-2E36-43DF-9EF5-296A419CC01B}"
EndProject
Global
	GlobalSection(SolutionConfigurationPlatforms) = preSolution
		Debug|Any CPU = Debug|Any CPU
		Release|Any CPU = Release|Any CPU
	EndGlobalSection
	GlobalSection(ProjectConfigurationPlatforms) = postSolution
		{F020ED4C-BC89-4E24-9F67-B867602A7B18}.Debug|Any CPU.ActiveCfg = Debug|Any CPU
		{F020ED4C-BC89-4E24-9F67-B867602A7B18}.Debug|Any CPU.Build.0 = Debug|Any CPU
		{F020ED4C-BC89-4E24-9F67-B867602A7B18}.Release|Any CPU.ActiveCfg = Release|Any CPU
		{F020ED4C-BC89-4E24-9F67-B867602A7B18}.Release|Any CPU.Build.0 = Release|Any CPU
		{E3EC1B18-2E36-43DF-9EF5-296A419CC01B}.Debug|Any CPU.ActiveCfg = Debug|Any CPU
		{E3EC1B18-2E36-43DF-9EF5-296A419CC01B}.Debug|Any CPU.Build.0 = Debug|Any CPU
		{E3EC1B18-2E36-43DF-9EF5-296A419CC01B}.Release|Any CPU.ActiveCfg = Release|Any CPU
		{E3EC1B18-2E36-43DF-9EF5-296A419CC01B}.Release|Any CPU.Build.0 = Release|Any CPU
	EndGlobalSection
	GlobalSection(SolutionProperties) = preSolution
		HideSolutionNode = FALSE
	EndGlobalSection
EndGlobal
