Microsoft Visual Studio Solution File, Format Version 8.00
Project("{F184B08F-C81C-45F6-A57F-5ABD9991F28F}") = "othello03", "othello03.vbproj", "{F73B2B53-35E5-4028-8B68-9F1AFDE84315}"
	ProjectSection(ProjectDependencies) = postProject
	EndProjectSection
EndProject
Global
	GlobalSection(SolutionConfiguration) = preSolution
		Debug = Debug
		Release = Release
	EndGlobalSection
	GlobalSection(ProjectConfiguration) = postSolution
		{F73B2B53-35E5-4028-8B68-9F1AFDE84315}.Debug.ActiveCfg = Debug|.NET
		{F73B2B53-35E5-4028-8B68-9F1AFDE84315}.Debug.Build.0 = Debug|.NET
		{F73B2B53-35E5-4028-8B68-9F1AFDE84315}.Release.ActiveCfg = Release|.NET
		{F73B2B53-35E5-4028-8B68-9F1AFDE84315}.Release.Build.0 = Release|.NET
	EndGlobalSection
	GlobalSection(ExtensibilityGlobals) = postSolution
	EndGlobalSection
	GlobalSection(ExtensibilityAddIns) = postSolution
	EndGlobalSection
EndGlobal
