
Microsoft Visual Studio Solution File, Format Version 10.00
# Visual Studio 2008
Project("{FAE04EC0-301F-11D3-BF4B-00C04F79EFBC}") = "AnignoSayItLoad2", "AnignoSayItLoad2\AnignoSayItLoad2.csproj", "{A82EBE60-FD4A-4A16-8370-8263EDF4CC1B}"
EndProject
Project("{FAE04EC0-301F-11D3-BF4B-00C04F79EFBC}") = "AnignoLibrary", "..\AnignoLibrary2008\AnignoLibrary\AnignoLibrary.csproj", "{73C4FAF3-2216-48B5-927B-3B34875ED470}"
EndProject
Global
	GlobalSection(SolutionConfigurationPlatforms) = preSolution
		Debug|Any CPU = Debug|Any CPU
		Release|Any CPU = Release|Any CPU
	EndGlobalSection
	GlobalSection(ProjectConfigurationPlatforms) = postSolution
		{A82EBE60-FD4A-4A16-8370-8263EDF4CC1B}.Debug|Any CPU.ActiveCfg = Debug|Any CPU
		{A82EBE60-FD4A-4A16-8370-8263EDF4CC1B}.Debug|Any CPU.Build.0 = Debug|Any CPU
		{A82EBE60-FD4A-4A16-8370-8263EDF4CC1B}.Release|Any CPU.ActiveCfg = Release|Any CPU
		{A82EBE60-FD4A-4A16-8370-8263EDF4CC1B}.Release|Any CPU.Build.0 = Release|Any CPU
		{73C4FAF3-2216-48B5-927B-3B34875ED470}.Debug|Any CPU.ActiveCfg = Debug|Any CPU
		{73C4FAF3-2216-48B5-927B-3B34875ED470}.Debug|Any CPU.Build.0 = Debug|Any CPU
		{73C4FAF3-2216-48B5-927B-3B34875ED470}.Release|Any CPU.ActiveCfg = Release|Any CPU
		{73C4FAF3-2216-48B5-927B-3B34875ED470}.Release|Any CPU.Build.0 = Release|Any CPU
	EndGlobalSection
	GlobalSection(SolutionProperties) = preSolution
		HideSolutionNode = FALSE
	EndGlobalSection
EndGlobal
