
Microsoft Visual Studio Solution File, Format Version 11.00
# Visual Studio 2010
Project("{FAE04EC0-301F-11D3-BF4B-00C04F79EFBC}") = "Mouse Emulator", "Mouse Emulator\Mouse Emulator.csproj", "{6A9D7AE2-C1A1-4A80-A867-27EEF7DC6A40}"
EndProject
Project("{FAE04EC0-301F-11D3-BF4B-00C04F79EFBC}") = "AnignoraCommonAndHelpers", "..\Anignora Library 2010\AnignoraCommonAndHelpers\AnignoraCommonAndHelpers.csproj", "{E5D8C6FC-B5A6-48D8-849D-86E2F8AA6527}"
EndProject
Global
	GlobalSection(SolutionConfigurationPlatforms) = preSolution
		Debug|Any CPU = Debug|Any CPU
		Debug|Mixed Platforms = Debug|Mixed Platforms
		Debug|x86 = Debug|x86
		Release|Any CPU = Release|Any CPU
		Release|Mixed Platforms = Release|Mixed Platforms
		Release|x86 = Release|x86
	EndGlobalSection
	GlobalSection(ProjectConfigurationPlatforms) = postSolution
		{6A9D7AE2-C1A1-4A80-A867-27EEF7DC6A40}.Debug|Any CPU.ActiveCfg = Debug|x86
		{6A9D7AE2-C1A1-4A80-A867-27EEF7DC6A40}.Debug|Mixed Platforms.ActiveCfg = Debug|x86
		{6A9D7AE2-C1A1-4A80-A867-27EEF7DC6A40}.Debug|Mixed Platforms.Build.0 = Debug|x86
		{6A9D7AE2-C1A1-4A80-A867-27EEF7DC6A40}.Debug|x86.ActiveCfg = Debug|x86
		{6A9D7AE2-C1A1-4A80-A867-27EEF7DC6A40}.Debug|x86.Build.0 = Debug|x86
		{6A9D7AE2-C1A1-4A80-A867-27EEF7DC6A40}.Release|Any CPU.ActiveCfg = Release|x86
		{6A9D7AE2-C1A1-4A80-A867-27EEF7DC6A40}.Release|Mixed Platforms.ActiveCfg = Release|x86
		{6A9D7AE2-C1A1-4A80-A867-27EEF7DC6A40}.Release|Mixed Platforms.Build.0 = Release|x86
		{6A9D7AE2-C1A1-4A80-A867-27EEF7DC6A40}.Release|x86.ActiveCfg = Release|x86
		{6A9D7AE2-C1A1-4A80-A867-27EEF7DC6A40}.Release|x86.Build.0 = Release|x86
		{E5D8C6FC-B5A6-48D8-849D-86E2F8AA6527}.Debug|Any CPU.ActiveCfg = Debug|Any CPU
		{E5D8C6FC-B5A6-48D8-849D-86E2F8AA6527}.Debug|Any CPU.Build.0 = Debug|Any CPU
		{E5D8C6FC-B5A6-48D8-849D-86E2F8AA6527}.Debug|Mixed Platforms.ActiveCfg = Debug|Any CPU
		{E5D8C6FC-B5A6-48D8-849D-86E2F8AA6527}.Debug|Mixed Platforms.Build.0 = Debug|Any CPU
		{E5D8C6FC-B5A6-48D8-849D-86E2F8AA6527}.Debug|x86.ActiveCfg = Debug|Any CPU
		{E5D8C6FC-B5A6-48D8-849D-86E2F8AA6527}.Release|Any CPU.ActiveCfg = Release|Any CPU
		{E5D8C6FC-B5A6-48D8-849D-86E2F8AA6527}.Release|Any CPU.Build.0 = Release|Any CPU
		{E5D8C6FC-B5A6-48D8-849D-86E2F8AA6527}.Release|Mixed Platforms.ActiveCfg = Release|Any CPU
		{E5D8C6FC-B5A6-48D8-849D-86E2F8AA6527}.Release|Mixed Platforms.Build.0 = Release|Any CPU
		{E5D8C6FC-B5A6-48D8-849D-86E2F8AA6527}.Release|x86.ActiveCfg = Release|Any CPU
	EndGlobalSection
	GlobalSection(SolutionProperties) = preSolution
		HideSolutionNode = FALSE
	EndGlobalSection
EndGlobal
