Microsoft Visual Studio Solution File, Format Version 8.00
Project("{8BC9CEB8-8B4A-11D0-8D11-00A0C91BC942}") = "cppChessV2", "cppChessV2.vcproj", "{2FB44B32-5163-459D-9795-BE9A4F08CC2A}"
	ProjectSection(ProjectDependencies) = postProject
	EndProjectSection
EndProject
Global
	GlobalSection(SolutionConfiguration) = preSolution
		Debug = Debug
		Release = Release
	EndGlobalSection
	GlobalSection(ProjectConfiguration) = postSolution
		{2FB44B32-5163-459D-9795-BE9A4F08CC2A}.Debug.ActiveCfg = Debug|Win32
		{2FB44B32-5163-459D-9795-BE9A4F08CC2A}.Debug.Build.0 = Debug|Win32
		{2FB44B32-5163-459D-9795-BE9A4F08CC2A}.Release.ActiveCfg = Release|Win32
		{2FB44B32-5163-459D-9795-BE9A4F08CC2A}.Release.Build.0 = Release|Win32
	EndGlobalSection
	GlobalSection(ExtensibilityGlobals) = postSolution
	EndGlobalSection
	GlobalSection(ExtensibilityAddIns) = postSolution
	EndGlobalSection
EndGlobal
