
Microsoft Visual Studio Solution File, Format Version 12.00
# Visual Studio 2012
Project("{FAE04EC0-301F-11D3-BF4B-00C04F79EFBC}") = "EncryptedDataInImage", "EncryptedDataInImage\EncryptedDataInImage.csproj", "{00BA9BE0-9623-4093-A479-0C9C57146A14}"
EndProject
Project("{FAE04EC0-301F-11D3-BF4B-00C04F79EFBC}") = "AnignoraEncryption", "AnignoraEncryption\AnignoraEncryption.csproj", "{640FAB87-0CE0-4132-8548-7C98B569F770}"
EndProject
Global
	GlobalSection(SolutionConfigurationPlatforms) = preSolution
		Debug|Any CPU = Debug|Any CPU
		Release|Any CPU = Release|Any CPU
	EndGlobalSection
	GlobalSection(ProjectConfigurationPlatforms) = postSolution
		{00BA9BE0-9623-4093-A479-0C9C57146A14}.Debug|Any CPU.ActiveCfg = Debug|Any CPU
		{00BA9BE0-9623-4093-A479-0C9C57146A14}.Debug|Any CPU.Build.0 = Debug|Any CPU
		{00BA9BE0-9623-4093-A479-0C9C57146A14}.Release|Any CPU.ActiveCfg = Release|Any CPU
		{00BA9BE0-9623-4093-A479-0C9C57146A14}.Release|Any CPU.Build.0 = Release|Any CPU
		{640FAB87-0CE0-4132-8548-7C98B569F770}.Debug|Any CPU.ActiveCfg = Debug|Any CPU
		{640FAB87-0CE0-4132-8548-7C98B569F770}.Debug|Any CPU.Build.0 = Debug|Any CPU
		{640FAB87-0CE0-4132-8548-7C98B569F770}.Release|Any CPU.ActiveCfg = Release|Any CPU
		{640FAB87-0CE0-4132-8548-7C98B569F770}.Release|Any CPU.Build.0 = Release|Any CPU
	EndGlobalSection
	GlobalSection(SolutionProperties) = preSolution
		HideSolutionNode = FALSE
	EndGlobalSection
EndGlobal
