
Microsoft Visual Studio Solution File, Format Version 10.00
# Visual Studio 2008
Project("{FAE04EC0-301F-11D3-BF4B-00C04F79EFBC}") = "AnignoBackupToEmail", "AnignoBackupToEmail\AnignoBackupToEmail.csproj", "{1FE2D5E1-253C-468E-B603-B45BE184A6DE}"
EndProject
Project("{FAE04EC0-301F-11D3-BF4B-00C04F79EFBC}") = "AnignoLibrary", "D:\My Documents\_Anigno Documents\Programing\CSharp2008\AnignoLibrary2008\AnignoLibrary\AnignoLibrary.csproj", "{73C4FAF3-2216-48B5-927B-3B34875ED470}"
EndProject
Global
	GlobalSection(SolutionConfigurationPlatforms) = preSolution
		Debug|Any CPU = Debug|Any CPU
		Release|Any CPU = Release|Any CPU
	EndGlobalSection
	GlobalSection(ProjectConfigurationPlatforms) = postSolution
		{1FE2D5E1-253C-468E-B603-B45BE184A6DE}.Debug|Any CPU.ActiveCfg = Debug|Any CPU
		{1FE2D5E1-253C-468E-B603-B45BE184A6DE}.Debug|Any CPU.Build.0 = Debug|Any CPU
		{1FE2D5E1-253C-468E-B603-B45BE184A6DE}.Release|Any CPU.ActiveCfg = Release|Any CPU
		{1FE2D5E1-253C-468E-B603-B45BE184A6DE}.Release|Any CPU.Build.0 = Release|Any CPU
		{73C4FAF3-2216-48B5-927B-3B34875ED470}.Debug|Any CPU.ActiveCfg = Debug|Any CPU
		{73C4FAF3-2216-48B5-927B-3B34875ED470}.Debug|Any CPU.Build.0 = Debug|Any CPU
		{73C4FAF3-2216-48B5-927B-3B34875ED470}.Release|Any CPU.ActiveCfg = Release|Any CPU
		{73C4FAF3-2216-48B5-927B-3B34875ED470}.Release|Any CPU.Build.0 = Release|Any CPU
	EndGlobalSection
	GlobalSection(SolutionProperties) = preSolution
		HideSolutionNode = FALSE
	EndGlobalSection
EndGlobal
