
Microsoft Visual Studio Solution File, Format Version 10.00
# Visual Studio 2008
Project("{FAE04EC0-301F-11D3-BF4B-00C04F79EFBC}") = "Log4NetTest", "Log4NetTest\Log4NetTest.csproj", "{A04DD2D7-664F-4379-A2E2-6515440CEB6A}"
EndProject
Project("{FAE04EC0-301F-11D3-BF4B-00C04F79EFBC}") = "LogTestingApp", "LogTestingApp\LogTestingApp.csproj", "{D6735D5C-E190-4B55-BFE7-7F1E5E7FA328}"
EndProject
Global
	GlobalSection(SolutionConfigurationPlatforms) = preSolution
		Debug|Any CPU = Debug|Any CPU
		Release|Any CPU = Release|Any CPU
	EndGlobalSection
	GlobalSection(ProjectConfigurationPlatforms) = postSolution
		{A04DD2D7-664F-4379-A2E2-6515440CEB6A}.Debug|Any CPU.ActiveCfg = Debug|Any CPU
		{A04DD2D7-664F-4379-A2E2-6515440CEB6A}.Debug|Any CPU.Build.0 = Debug|Any CPU
		{A04DD2D7-664F-4379-A2E2-6515440CEB6A}.Release|Any CPU.ActiveCfg = Release|Any CPU
		{A04DD2D7-664F-4379-A2E2-6515440CEB6A}.Release|Any CPU.Build.0 = Release|Any CPU
		{D6735D5C-E190-4B55-BFE7-7F1E5E7FA328}.Debug|Any CPU.ActiveCfg = Debug|Any CPU
		{D6735D5C-E190-4B55-BFE7-7F1E5E7FA328}.Debug|Any CPU.Build.0 = Debug|Any CPU
		{D6735D5C-E190-4B55-BFE7-7F1E5E7FA328}.Release|Any CPU.ActiveCfg = Release|Any CPU
		{D6735D5C-E190-4B55-BFE7-7F1E5E7FA328}.Release|Any CPU.Build.0 = Release|Any CPU
	EndGlobalSection
	GlobalSection(SolutionProperties) = preSolution
		HideSolutionNode = FALSE
	EndGlobalSection
EndGlobal
