Microsoft Visual Studio Solution File, Format Version 8.00
Project("{F184B08F-C81C-45F6-A57F-5ABD9991F28F}") = "dbTest01", "http://localhost/dbTest01/dbTest01.vbproj", "{98173999-154A-45FE-B9A0-EC4F6D0A69F8}"
	ProjectSection(ProjectDependencies) = postProject
	EndProjectSection
EndProject
Global
	GlobalSection(SolutionConfiguration) = preSolution
		Debug = Debug
		Release = Release
	EndGlobalSection
	GlobalSection(ProjectConfiguration) = postSolution
		{98173999-154A-45FE-B9A0-EC4F6D0A69F8}.Debug.ActiveCfg = Debug|.NET
		{98173999-154A-45FE-B9A0-EC4F6D0A69F8}.Debug.Build.0 = Debug|.NET
		{98173999-154A-45FE-B9A0-EC4F6D0A69F8}.Release.ActiveCfg = Release|.NET
		{98173999-154A-45FE-B9A0-EC4F6D0A69F8}.Release.Build.0 = Release|.NET
	EndGlobalSection
	GlobalSection(ExtensibilityGlobals) = postSolution
	EndGlobalSection
	GlobalSection(ExtensibilityAddIns) = postSolution
	EndGlobalSection
EndGlobal
